
Microsoft Visual Studio Solution File, Format Version 12.00
# Visual Studio Version 16
VisualStudioVersion = 16.0.29020.237
MinimumVisualStudioVersion = 10.0.40219.1
Project("{FAE04EC0-301F-11D3-BF4B-00C04F79EFBC}") = "Protokollmanager-8-Database-Editor", "Protokollmanager-8-Database-Editor\Protokollmanager-8-Database-Editor.csproj", "{9B51AC6E-DF25-4F30-8951-11E3BFC82E2C}"
EndProject
Global
	GlobalSection(SolutionConfigurationPlatforms) = preSolution
		Debug|Any CPU = Debug|Any CPU
		Release|Any CPU = Release|Any CPU
	EndGlobalSection
	GlobalSection(ProjectConfigurationPlatforms) = postSolution
		{9B51AC6E-DF25-4F30-8951-11E3BFC82E2C}.Debug|Any CPU.ActiveCfg = Debug|Any CPU
		{9B51AC6E-DF25-4F30-8951-11E3BFC82E2C}.Debug|Any CPU.Build.0 = Debug|Any CPU
		{9B51AC6E-DF25-4F30-8951-11E3BFC82E2C}.Release|Any CPU.ActiveCfg = Release|Any CPU
		{9B51AC6E-DF25-4F30-8951-11E3BFC82E2C}.Release|Any CPU.Build.0 = Release|Any CPU
	EndGlobalSection
	GlobalSection(SolutionProperties) = preSolution
		HideSolutionNode = FALSE
	EndGlobalSection
	GlobalSection(ExtensibilityGlobals) = postSolution
		SolutionGuid = {6B51BC4E-E117-4FDC-A422-93B0A1976707}
	EndGlobalSection
EndGlobal
